
Microsoft Visual Studio Solution File, Format Version 12.00
# Visual Studio Version 16
VisualStudioVersion = 16.0.30804.86
MinimumVisualStudioVersion = 10.0.40219.1
Project("{FAE04EC0-301F-11D3-BF4B-00C04F79EFBC}") = "MegaSolution.WebAssembly", "MegaSolution.WebAssembly\MegaSolution.WebAssembly.csproj", "{7B47C8C4-AF4F-4414-8100-1A7DFEB694AB}"
EndProject
Global
	GlobalSection(SolutionConfigurationPlatforms) = preSolution
		Debug|Any CPU = Debug|Any CPU
		Release|Any CPU = Release|Any CPU
	EndGlobalSection
	GlobalSection(ProjectConfigurationPlatforms) = postSolution
		{7B47C8C4-AF4F-4414-8100-1A7DFEB694AB}.Debug|Any CPU.ActiveCfg = Debug|Any CPU
		{7B47C8C4-AF4F-4414-8100-1A7DFEB694AB}.Debug|Any CPU.Build.0 = Debug|Any CPU
		{7B47C8C4-AF4F-4414-8100-1A7DFEB694AB}.Release|Any CPU.ActiveCfg = Release|Any CPU
		{7B47C8C4-AF4F-4414-8100-1A7DFEB694AB}.Release|Any CPU.Build.0 = Release|Any CPU
	EndGlobalSection
	GlobalSection(SolutionProperties) = preSolution
		HideSolutionNode = FALSE
	EndGlobalSection
	GlobalSection(ExtensibilityGlobals) = postSolution
		SolutionGuid = {0833EDF2-D465-4B46-B7B1-0135AED582C5}
	EndGlobalSection
EndGlobal
